
Microsoft Visual Studio Solution File, Format Version 12.00
# Visual Studio 15
VisualStudioVersion = 15.0.28307.779
MinimumVisualStudioVersion = 10.0.40219.1
Project("{8BC9CEB8-8B4A-11D0-8D11-00A0C91BC942}") = "C语言系统管理小程序", "C语言系统管理小程序.vcxproj", "{98410198-1C5E-4C30-A1BD-0687657B1E07}"
EndProject
Global
	GlobalSection(SolutionConfigurationPlatforms) = preSolution
		Debug|ARM = Debug|ARM
		Debug|x64 = Debug|x64
		Debug|x86 = Debug|x86
		Release|ARM = Release|ARM
		Release|x64 = Release|x64
		Release|x86 = Release|x86
	EndGlobalSection
	GlobalSection(ProjectConfigurationPlatforms) = postSolution
		{98410198-1C5E-4C30-A1BD-0687657B1E07}.Debug|ARM.ActiveCfg = Debug|ARM
		{98410198-1C5E-4C30-A1BD-0687657B1E07}.Debug|ARM.Build.0 = Debug|ARM
		{98410198-1C5E-4C30-A1BD-0687657B1E07}.Debug|x64.ActiveCfg = Debug|x64
		{98410198-1C5E-4C30-A1BD-0687657B1E07}.Debug|x64.Build.0 = Debug|x64
		{98410198-1C5E-4C30-A1BD-0687657B1E07}.Debug|x86.ActiveCfg = Debug|Win32
		{98410198-1C5E-4C30-A1BD-0687657B1E07}.Debug|x86.Build.0 = Debug|Win32
		{98410198-1C5E-4C30-A1BD-0687657B1E07}.Release|ARM.ActiveCfg = Release|ARM
		{98410198-1C5E-4C30-A1BD-0687657B1E07}.Release|ARM.Build.0 = Release|ARM
		{98410198-1C5E-4C30-A1BD-0687657B1E07}.Release|x64.ActiveCfg = Release|x64
		{98410198-1C5E-4C30-A1BD-0687657B1E07}.Release|x64.Build.0 = Release|x64
		{98410198-1C5E-4C30-A1BD-0687657B1E07}.Release|x86.ActiveCfg = Release|Win32
		{98410198-1C5E-4C30-A1BD-0687657B1E07}.Release|x86.Build.0 = Release|Win32
	EndGlobalSection
	GlobalSection(SolutionProperties) = preSolution
		HideSolutionNode = FALSE
	EndGlobalSection
	GlobalSection(ExtensibilityGlobals) = postSolution
		SolutionGuid = {BBC09D85-0B23-4F6E-B363-67F0433C328D}
	EndGlobalSection
EndGlobal
