
Microsoft Visual Studio Solution File, Format Version 12.00
# Visual Studio 15
VisualStudioVersion = 15.0.28307.779
MinimumVisualStudioVersion = 10.0.40219.1
Project("{8BC9CEB8-8B4A-11D0-8D11-00A0C91BC942}") = "timec自定义版", "timec自定义版.vcxproj", "{B802D85A-4A77-43EE-A148-48DEEF82D00E}"
EndProject
Global
	GlobalSection(SolutionConfigurationPlatforms) = preSolution
		Debug|x64 = Debug|x64
		Debug|x86 = Debug|x86
		Release|x64 = Release|x64
		Release|x86 = Release|x86
	EndGlobalSection
	GlobalSection(ProjectConfigurationPlatforms) = postSolution
		{B802D85A-4A77-43EE-A148-48DEEF82D00E}.Debug|x64.ActiveCfg = Debug|x64
		{B802D85A-4A77-43EE-A148-48DEEF82D00E}.Debug|x64.Build.0 = Debug|x64
		{B802D85A-4A77-43EE-A148-48DEEF82D00E}.Debug|x86.ActiveCfg = Debug|Win32
		{B802D85A-4A77-43EE-A148-48DEEF82D00E}.Debug|x86.Build.0 = Debug|Win32
		{B802D85A-4A77-43EE-A148-48DEEF82D00E}.Release|x64.ActiveCfg = Release|x64
		{B802D85A-4A77-43EE-A148-48DEEF82D00E}.Release|x64.Build.0 = Release|x64
		{B802D85A-4A77-43EE-A148-48DEEF82D00E}.Release|x86.ActiveCfg = Release|Win32
		{B802D85A-4A77-43EE-A148-48DEEF82D00E}.Release|x86.Build.0 = Release|Win32
	EndGlobalSection
	GlobalSection(SolutionProperties) = preSolution
		HideSolutionNode = FALSE
	EndGlobalSection
	GlobalSection(ExtensibilityGlobals) = postSolution
		SolutionGuid = {05AC19CD-FE50-4D6A-B515-FA863AF88C56}
	EndGlobalSection
EndGlobal
