
Microsoft Visual Studio Solution File, Format Version 12.00
# Visual Studio 15
VisualStudioVersion = 15.0.28307.1000
MinimumVisualStudioVersion = 10.0.40219.1
Project("{8BC9CEB8-8B4A-11D0-8D11-00A0C91BC942}") = "MP3", "MP3.vcxproj", "{DDC20EA6-AC84-477F-910F-E8BE63BB776A}"
EndProject
Global
	GlobalSection(SolutionConfigurationPlatforms) = preSolution
		Debug|x64 = Debug|x64
		Debug|x86 = Debug|x86
		Release|x64 = Release|x64
		Release|x86 = Release|x86
	EndGlobalSection
	GlobalSection(ProjectConfigurationPlatforms) = postSolution
		{DDC20EA6-AC84-477F-910F-E8BE63BB776A}.Debug|x64.ActiveCfg = Debug|x64
		{DDC20EA6-AC84-477F-910F-E8BE63BB776A}.Debug|x64.Build.0 = Debug|x64
		{DDC20EA6-AC84-477F-910F-E8BE63BB776A}.Debug|x86.ActiveCfg = Debug|Win32
		{DDC20EA6-AC84-477F-910F-E8BE63BB776A}.Debug|x86.Build.0 = Debug|Win32
		{DDC20EA6-AC84-477F-910F-E8BE63BB776A}.Release|x64.ActiveCfg = Release|x64
		{DDC20EA6-AC84-477F-910F-E8BE63BB776A}.Release|x64.Build.0 = Release|x64
		{DDC20EA6-AC84-477F-910F-E8BE63BB776A}.Release|x86.ActiveCfg = Release|Win32
		{DDC20EA6-AC84-477F-910F-E8BE63BB776A}.Release|x86.Build.0 = Release|Win32
	EndGlobalSection
	GlobalSection(SolutionProperties) = preSolution
		HideSolutionNode = FALSE
	EndGlobalSection
	GlobalSection(ExtensibilityGlobals) = postSolution
		SolutionGuid = {7CFAC97A-D213-47ED-93E9-6026E7F4CE3A}
	EndGlobalSection
EndGlobal
